
Microsoft Visual Studio Solution File, Format Version 12.00
# Visual Studio 15
VisualStudioVersion = 15.0.27004.2005
MinimumVisualStudioVersion = 10.0.40219.1
Project("{8BC9CEB8-8B4A-11D0-8D11-00A0C91BC942}") = "ADS_Praktikum_SS18", "ADS_Praktikum_SS18\ADS_Praktikum_SS18.vcxproj", "{1BFFF040-3B02-4709-B12E-47FEFB0222F5}"
EndProject
Project("{8BC9CEB8-8B4A-11D0-8D11-00A0C91BC942}") = "Aufgabe_1a", "Aufgabe_1a\Aufgabe_1a.vcxproj", "{CA7C1817-07A0-444F-B501-B5E6A49031DC}"
EndProject
Project("{8BC9CEB8-8B4A-11D0-8D11-00A0C91BC942}") = "Aufgabe_1b", "Aufgabe_1b\Aufgabe_1b.vcxproj", "{8688BD65-615A-41D1-B730-FB1422C98189}"
EndProject
Project("{8BC9CEB8-8B4A-11D0-8D11-00A0C91BC942}") = "Aufgabe_1c", "Aufgabe-1c\Aufgabe-1c.vcxproj", "{0C068A05-C775-48B4-AD9A-5E958500D2DB}"
EndProject
Project("{8BC9CEB8-8B4A-11D0-8D11-00A0C91BC942}") = "Praktikum_2_1", "Praktikum_2_1\Praktikum_2_1.vcxproj", "{03682E03-F8A6-477B-8520-946FA6C86D16}"
EndProject
Project("{8BC9CEB8-8B4A-11D0-8D11-00A0C91BC942}") = "Praktikum_2_2", "Praktikum_2_2\Praktikum_2_2.vcxproj", "{EE999421-F960-4B6E-BFCC-DB535B96A2C4}"
EndProject
Project("{8BC9CEB8-8B4A-11D0-8D11-00A0C91BC942}") = "Praktikum_3", "Praktikum_3\Praktikum_3.vcxproj", "{9459C1C0-556C-4584-80F0-3B99BD718EE4}"
EndProject
Project("{8BC9CEB8-8B4A-11D0-8D11-00A0C91BC942}") = "Praktikum_4", "Praktikum_4\Praktikum_4.vcxproj", "{AEDDF108-501A-4190-9E30-02B0CD0B168E}"
EndProject
Project("{8BC9CEB8-8B4A-11D0-8D11-00A0C91BC942}") = "Endtestat_Uebung", "Endtestat_Uebung\Endtestat_Uebung.vcxproj", "{5591C884-F215-47FA-A305-44A14F873720}"
EndProject
Global
	GlobalSection(SolutionConfigurationPlatforms) = preSolution
		Debug|x64 = Debug|x64
		Debug|x86 = Debug|x86
		Release|x64 = Release|x64
		Release|x86 = Release|x86
	EndGlobalSection
	GlobalSection(ProjectConfigurationPlatforms) = postSolution
		{1BFFF040-3B02-4709-B12E-47FEFB0222F5}.Debug|x64.ActiveCfg = Debug|x64
		{1BFFF040-3B02-4709-B12E-47FEFB0222F5}.Debug|x64.Build.0 = Debug|x64
		{1BFFF040-3B02-4709-B12E-47FEFB0222F5}.Debug|x86.ActiveCfg = Debug|Win32
		{1BFFF040-3B02-4709-B12E-47FEFB0222F5}.Debug|x86.Build.0 = Debug|Win32
		{1BFFF040-3B02-4709-B12E-47FEFB0222F5}.Release|x64.ActiveCfg = Release|x64
		{1BFFF040-3B02-4709-B12E-47FEFB0222F5}.Release|x64.Build.0 = Release|x64
		{1BFFF040-3B02-4709-B12E-47FEFB0222F5}.Release|x86.ActiveCfg = Release|Win32
		{1BFFF040-3B02-4709-B12E-47FEFB0222F5}.Release|x86.Build.0 = Release|Win32
		{CA7C1817-07A0-444F-B501-B5E6A49031DC}.Debug|x64.ActiveCfg = Debug|x64
		{CA7C1817-07A0-444F-B501-B5E6A49031DC}.Debug|x64.Build.0 = Debug|x64
		{CA7C1817-07A0-444F-B501-B5E6A49031DC}.Debug|x86.ActiveCfg = Debug|Win32
		{CA7C1817-07A0-444F-B501-B5E6A49031DC}.Debug|x86.Build.0 = Debug|Win32
		{CA7C1817-07A0-444F-B501-B5E6A49031DC}.Release|x64.ActiveCfg = Release|x64
		{CA7C1817-07A0-444F-B501-B5E6A49031DC}.Release|x64.Build.0 = Release|x64
		{CA7C1817-07A0-444F-B501-B5E6A49031DC}.Release|x86.ActiveCfg = Release|Win32
		{CA7C1817-07A0-444F-B501-B5E6A49031DC}.Release|x86.Build.0 = Release|Win32
		{8688BD65-615A-41D1-B730-FB1422C98189}.Debug|x64.ActiveCfg = Debug|x64
		{8688BD65-615A-41D1-B730-FB1422C98189}.Debug|x64.Build.0 = Debug|x64
		{8688BD65-615A-41D1-B730-FB1422C98189}.Debug|x86.ActiveCfg = Debug|Win32
		{8688BD65-615A-41D1-B730-FB1422C98189}.Debug|x86.Build.0 = Debug|Win32
		{8688BD65-615A-41D1-B730-FB1422C98189}.Release|x64.ActiveCfg = Release|x64
		{8688BD65-615A-41D1-B730-FB1422C98189}.Release|x64.Build.0 = Release|x64
		{8688BD65-615A-41D1-B730-FB1422C98189}.Release|x86.ActiveCfg = Release|Win32
		{8688BD65-615A-41D1-B730-FB1422C98189}.Release|x86.Build.0 = Release|Win32
		{0C068A05-C775-48B4-AD9A-5E958500D2DB}.Debug|x64.ActiveCfg = Debug|x64
		{0C068A05-C775-48B4-AD9A-5E958500D2DB}.Debug|x64.Build.0 = Debug|x64
		{0C068A05-C775-48B4-AD9A-5E958500D2DB}.Debug|x86.ActiveCfg = Debug|Win32
		{0C068A05-C775-48B4-AD9A-5E958500D2DB}.Debug|x86.Build.0 = Debug|Win32
		{0C068A05-C775-48B4-AD9A-5E958500D2DB}.Release|x64.ActiveCfg = Release|x64
		{0C068A05-C775-48B4-AD9A-5E958500D2DB}.Release|x64.Build.0 = Release|x64
		{0C068A05-C775-48B4-AD9A-5E958500D2DB}.Release|x86.ActiveCfg = Release|Win32
		{0C068A05-C775-48B4-AD9A-5E958500D2DB}.Release|x86.Build.0 = Release|Win32
		{03682E03-F8A6-477B-8520-946FA6C86D16}.Debug|x64.ActiveCfg = Debug|x64
		{03682E03-F8A6-477B-8520-946FA6C86D16}.Debug|x64.Build.0 = Debug|x64
		{03682E03-F8A6-477B-8520-946FA6C86D16}.Debug|x86.ActiveCfg = Debug|Win32
		{03682E03-F8A6-477B-8520-946FA6C86D16}.Debug|x86.Build.0 = Debug|Win32
		{03682E03-F8A6-477B-8520-946FA6C86D16}.Release|x64.ActiveCfg = Release|x64
		{03682E03-F8A6-477B-8520-946FA6C86D16}.Release|x64.Build.0 = Release|x64
		{03682E03-F8A6-477B-8520-946FA6C86D16}.Release|x86.ActiveCfg = Release|Win32
		{03682E03-F8A6-477B-8520-946FA6C86D16}.Release|x86.Build.0 = Release|Win32
		{EE999421-F960-4B6E-BFCC-DB535B96A2C4}.Debug|x64.ActiveCfg = Debug|x64
		{EE999421-F960-4B6E-BFCC-DB535B96A2C4}.Debug|x64.Build.0 = Debug|x64
		{EE999421-F960-4B6E-BFCC-DB535B96A2C4}.Debug|x86.ActiveCfg = Debug|Win32
		{EE999421-F960-4B6E-BFCC-DB535B96A2C4}.Debug|x86.Build.0 = Debug|Win32
		{EE999421-F960-4B6E-BFCC-DB535B96A2C4}.Release|x64.ActiveCfg = Release|x64
		{EE999421-F960-4B6E-BFCC-DB535B96A2C4}.Release|x64.Build.0 = Release|x64
		{EE999421-F960-4B6E-BFCC-DB535B96A2C4}.Release|x86.ActiveCfg = Release|Win32
		{EE999421-F960-4B6E-BFCC-DB535B96A2C4}.Release|x86.Build.0 = Release|Win32
		{9459C1C0-556C-4584-80F0-3B99BD718EE4}.Debug|x64.ActiveCfg = Debug|x64
		{9459C1C0-556C-4584-80F0-3B99BD718EE4}.Debug|x64.Build.0 = Debug|x64
		{9459C1C0-556C-4584-80F0-3B99BD718EE4}.Debug|x86.ActiveCfg = Debug|Win32
		{9459C1C0-556C-4584-80F0-3B99BD718EE4}.Debug|x86.Build.0 = Debug|Win32
		{9459C1C0-556C-4584-80F0-3B99BD718EE4}.Release|x64.ActiveCfg = Release|x64
		{9459C1C0-556C-4584-80F0-3B99BD718EE4}.Release|x64.Build.0 = Release|x64
		{9459C1C0-556C-4584-80F0-3B99BD718EE4}.Release|x86.ActiveCfg = Release|Win32
		{9459C1C0-556C-4584-80F0-3B99BD718EE4}.Release|x86.Build.0 = Release|Win32
		{AEDDF108-501A-4190-9E30-02B0CD0B168E}.Debug|x64.ActiveCfg = Debug|x64
		{AEDDF108-501A-4190-9E30-02B0CD0B168E}.Debug|x64.Build.0 = Debug|x64
		{AEDDF108-501A-4190-9E30-02B0CD0B168E}.Debug|x86.ActiveCfg = Debug|Win32
		{AEDDF108-501A-4190-9E30-02B0CD0B168E}.Debug|x86.Build.0 = Debug|Win32
		{AEDDF108-501A-4190-9E30-02B0CD0B168E}.Release|x64.ActiveCfg = Release|x64
		{AEDDF108-501A-4190-9E30-02B0CD0B168E}.Release|x64.Build.0 = Release|x64
		{AEDDF108-501A-4190-9E30-02B0CD0B168E}.Release|x86.ActiveCfg = Release|Win32
		{AEDDF108-501A-4190-9E30-02B0CD0B168E}.Release|x86.Build.0 = Release|Win32
		{5591C884-F215-47FA-A305-44A14F873720}.Debug|x64.ActiveCfg = Debug|x64
		{5591C884-F215-47FA-A305-44A14F873720}.Debug|x64.Build.0 = Debug|x64
		{5591C884-F215-47FA-A305-44A14F873720}.Debug|x86.ActiveCfg = Debug|Win32
		{5591C884-F215-47FA-A305-44A14F873720}.Debug|x86.Build.0 = Debug|Win32
		{5591C884-F215-47FA-A305-44A14F873720}.Release|x64.ActiveCfg = Release|x64
		{5591C884-F215-47FA-A305-44A14F873720}.Release|x64.Build.0 = Release|x64
		{5591C884-F215-47FA-A305-44A14F873720}.Release|x86.ActiveCfg = Release|Win32
		{5591C884-F215-47FA-A305-44A14F873720}.Release|x86.Build.0 = Release|Win32
	EndGlobalSection
	GlobalSection(SolutionProperties) = preSolution
		HideSolutionNode = FALSE
	EndGlobalSection
	GlobalSection(ExtensibilityGlobals) = postSolution
		SolutionGuid = {DB2583E6-789B-4A48-B982-7D4C414FDAA3}
	EndGlobalSection
EndGlobal
